
Microsoft Visual Studio Solution File, Format Version 12.00
# Visual Studio Version 17
VisualStudioVersion = 17.0.32126.317
MinimumVisualStudioVersion = 10.0.40219.1
Project("{9A19103F-16F7-4668-BE54-9A1E7A4F7556}") = "SharpDXtest", "SharpDXtest\SharpDXtest.csproj", "{60876186-23C6-4BF9-AD02-632A9EF767ED}"
EndProject
Project("{9A19103F-16F7-4668-BE54-9A1E7A4F7556}") = "LinearAlgebra", "LinearAlgebra\LinearAlgebra.csproj", "{CCA05DCE-086A-4C88-873A-48A4A11E305E}"
EndProject
Project("{9A19103F-16F7-4668-BE54-9A1E7A4F7556}") = "Engine", "Engine\Engine.csproj", "{7BE49A57-9914-4520-A6DE-95195906D7DC}"
EndProject
Project("{9A19103F-16F7-4668-BE54-9A1E7A4F7556}") = "LinearAlgebra.Test", "LinearAlgebra.Test\LinearAlgebra.Test.csproj", "{4B93FD37-F130-418C-B58B-B7B1E61E3DFB}"
EndProject
Global
	GlobalSection(SolutionConfigurationPlatforms) = preSolution
		Debug|Any CPU = Debug|Any CPU
		GraphicsDebug|Any CPU = GraphicsDebug|Any CPU
		Release|Any CPU = Release|Any CPU
	EndGlobalSection
	GlobalSection(ProjectConfigurationPlatforms) = postSolution
		{60876186-23C6-4BF9-AD02-632A9EF767ED}.Debug|Any CPU.ActiveCfg = Debug|Any CPU
		{60876186-23C6-4BF9-AD02-632A9EF767ED}.Debug|Any CPU.Build.0 = Debug|Any CPU
		{60876186-23C6-4BF9-AD02-632A9EF767ED}.GraphicsDebug|Any CPU.ActiveCfg = GraphicsDebug|Any CPU
		{60876186-23C6-4BF9-AD02-632A9EF767ED}.GraphicsDebug|Any CPU.Build.0 = GraphicsDebug|Any CPU
		{60876186-23C6-4BF9-AD02-632A9EF767ED}.Release|Any CPU.ActiveCfg = Release|Any CPU
		{60876186-23C6-4BF9-AD02-632A9EF767ED}.Release|Any CPU.Build.0 = Release|Any CPU
		{CCA05DCE-086A-4C88-873A-48A4A11E305E}.Debug|Any CPU.ActiveCfg = Debug|Any CPU
		{CCA05DCE-086A-4C88-873A-48A4A11E305E}.Debug|Any CPU.Build.0 = Debug|Any CPU
		{CCA05DCE-086A-4C88-873A-48A4A11E305E}.GraphicsDebug|Any CPU.ActiveCfg = GraphicsDebug|Any CPU
		{CCA05DCE-086A-4C88-873A-48A4A11E305E}.GraphicsDebug|Any CPU.Build.0 = GraphicsDebug|Any CPU
		{CCA05DCE-086A-4C88-873A-48A4A11E305E}.Release|Any CPU.ActiveCfg = Release|Any CPU
		{CCA05DCE-086A-4C88-873A-48A4A11E305E}.Release|Any CPU.Build.0 = Release|Any CPU
		{7BE49A57-9914-4520-A6DE-95195906D7DC}.Debug|Any CPU.ActiveCfg = Debug|Any CPU
		{7BE49A57-9914-4520-A6DE-95195906D7DC}.Debug|Any CPU.Build.0 = Debug|Any CPU
		{7BE49A57-9914-4520-A6DE-95195906D7DC}.GraphicsDebug|Any CPU.ActiveCfg = GraphicsDebug|Any CPU
		{7BE49A57-9914-4520-A6DE-95195906D7DC}.GraphicsDebug|Any CPU.Build.0 = GraphicsDebug|Any CPU
		{7BE49A57-9914-4520-A6DE-95195906D7DC}.Release|Any CPU.ActiveCfg = Release|Any CPU
		{7BE49A57-9914-4520-A6DE-95195906D7DC}.Release|Any CPU.Build.0 = Release|Any CPU
		{4B93FD37-F130-418C-B58B-B7B1E61E3DFB}.Debug|Any CPU.ActiveCfg = Debug|Any CPU
		{4B93FD37-F130-418C-B58B-B7B1E61E3DFB}.Debug|Any CPU.Build.0 = Debug|Any CPU
		{4B93FD37-F130-418C-B58B-B7B1E61E3DFB}.GraphicsDebug|Any CPU.ActiveCfg = GraphicsDebug|Any CPU
		{4B93FD37-F130-418C-B58B-B7B1E61E3DFB}.GraphicsDebug|Any CPU.Build.0 = GraphicsDebug|Any CPU
		{4B93FD37-F130-418C-B58B-B7B1E61E3DFB}.Release|Any CPU.ActiveCfg = Release|Any CPU
		{4B93FD37-F130-418C-B58B-B7B1E61E3DFB}.Release|Any CPU.Build.0 = Release|Any CPU
	EndGlobalSection
	GlobalSection(SolutionProperties) = preSolution
		HideSolutionNode = FALSE
	EndGlobalSection
	GlobalSection(ExtensibilityGlobals) = postSolution
		SolutionGuid = {5F62D8BD-A117-4ED4-9BD4-C7CB4CB1DB32}
	EndGlobalSection
EndGlobal
